
Microsoft Visual Studio Solution File, Format Version 12.00
# Visual Studio Version 16
VisualStudioVersion = 16.0.29613.14
MinimumVisualStudioVersion = 10.0.40219.1
Project("{FAE04EC0-301F-11D3-BF4B-00C04F79EFBC}") = "GoFarm", "GoFarm\GoFarm.csproj", "{03F6977A-0A6E-4B08-BB21-801BB0E5B4AB}"
EndProject
Global
	GlobalSection(SolutionConfigurationPlatforms) = preSolution
		Debug|Any CPU = Debug|Any CPU
		Release|Any CPU = Release|Any CPU
	EndGlobalSection
	GlobalSection(ProjectConfigurationPlatforms) = postSolution
		{03F6977A-0A6E-4B08-BB21-801BB0E5B4AB}.Debug|Any CPU.ActiveCfg = Debug|Any CPU
		{03F6977A-0A6E-4B08-BB21-801BB0E5B4AB}.Debug|Any CPU.Build.0 = Debug|Any CPU
		{03F6977A-0A6E-4B08-BB21-801BB0E5B4AB}.Release|Any CPU.ActiveCfg = Release|Any CPU
		{03F6977A-0A6E-4B08-BB21-801BB0E5B4AB}.Release|Any CPU.Build.0 = Release|Any CPU
	EndGlobalSection
	GlobalSection(SolutionProperties) = preSolution
		HideSolutionNode = FALSE
	EndGlobalSection
	GlobalSection(ExtensibilityGlobals) = postSolution
		SolutionGuid = {2210BCFA-9FD8-4A0C-B535-FA58DFF42F07}
	EndGlobalSection
EndGlobal
